
Microsoft Visual Studio Solution File, Format Version 12.00
# Visual Studio 2012
Project("{8BC9CEB8-8B4A-11D0-8D11-00A0C91BC942}") = "labLinkedLists-Campos", "labLinkedLists-Campos\labLinkedLists-Campos.vcxproj", "{3431BA6C-3983-40E7-84C3-C593498B114F}"
EndProject
Global
	GlobalSection(SolutionConfigurationPlatforms) = preSolution
		Debug|Win32 = Debug|Win32
		Release|Win32 = Release|Win32
	EndGlobalSection
	GlobalSection(ProjectConfigurationPlatforms) = postSolution
		{3431BA6C-3983-40E7-84C3-C593498B114F}.Debug|Win32.ActiveCfg = Debug|Win32
		{3431BA6C-3983-40E7-84C3-C593498B114F}.Debug|Win32.Build.0 = Debug|Win32
		{3431BA6C-3983-40E7-84C3-C593498B114F}.Release|Win32.ActiveCfg = Release|Win32
		{3431BA6C-3983-40E7-84C3-C593498B114F}.Release|Win32.Build.0 = Release|Win32
	EndGlobalSection
	GlobalSection(SolutionProperties) = preSolution
		HideSolutionNode = FALSE
	EndGlobalSection
EndGlobal
