
Microsoft Visual Studio Solution File, Format Version 12.00
# Visual Studio 2012
Project("{8BC9CEB8-8B4A-11D0-8D11-00A0C91BC942}") = "LinkedList2170", "LinkedList2170\LinkedList2170.vcxproj", "{66F77888-750B-49B5-BEBC-01AB00D5A21B}"
EndProject
Global
	GlobalSection(SolutionConfigurationPlatforms) = preSolution
		Debug|Win32 = Debug|Win32
		Release|Win32 = Release|Win32
	EndGlobalSection
	GlobalSection(ProjectConfigurationPlatforms) = postSolution
		{66F77888-750B-49B5-BEBC-01AB00D5A21B}.Debug|Win32.ActiveCfg = Debug|Win32
		{66F77888-750B-49B5-BEBC-01AB00D5A21B}.Debug|Win32.Build.0 = Debug|Win32
		{66F77888-750B-49B5-BEBC-01AB00D5A21B}.Release|Win32.ActiveCfg = Release|Win32
		{66F77888-750B-49B5-BEBC-01AB00D5A21B}.Release|Win32.Build.0 = Release|Win32
	EndGlobalSection
	GlobalSection(SolutionProperties) = preSolution
		HideSolutionNode = FALSE
	EndGlobalSection
EndGlobal
